{
  "version": 4,
  "terraform_version": "1.14.5",
  "serial": 8,
  "lineage": "9a3d29c2-75cf-82a6-28de-2aa0dc4a5927",
  "outputs": {},
  "resources": [
    {
      "mode": "data",
      "type": "archive_file",
      "name": "backend_lambda_zip",
      "provider": "provider[\"registry.terraform.io/hashicorp/archive\"]",
      "instances": [
        {
          "schema_version": 0,
          "attributes": {
            "exclude_symlink_directories": null,
            "excludes": null,
            "id": "902ec0546a592bc526af7e08b6c72d99a5562485",
            "output_base64sha256": "V7veDn2tIbj8fX5RKMPc9SkFDD2/bKL+7mOHGOPdG2E=",
            "output_base64sha512": "vq959IHsLZr9nbEjVuEh6IhCd0GOcJ9YqO+xEg6I1j1p6+DKBBorjJ/DAsDOAo78BNRivTa5JZBgXeuDNgPxTQ==",
            "output_file_mode": null,
            "output_md5": "dd302bbc8bd59669461f6c8f0aab83c7",
            "output_path": "./backend_lambda.zip",
            "output_sha": "902ec0546a592bc526af7e08b6c72d99a5562485",
            "output_sha256": "57bbde0e7dad21b8fc7d7e5128c3dcf529050c3dbf6ca2feee638718e3dd1b61",
            "output_sha512": "beaf79f481ec2d9afd9db12356e121e8884277418e709f58a8efb1120e88d63d69ebe0ca041a2b8c9fc302c0ce028efc04d462bd36b92590605deb833603f14d",
            "output_size": 319,
            "source": [],
            "source_content": null,
            "source_content_filename": null,
            "source_dir": null,
            "source_file": "./backend_lambda.py",
            "type": "zip"
          },
          "sensitive_attributes": [],
          "identity_schema_version": 0
        }
      ]
    },
    {
      "mode": "managed",
      "type": "aws_dynamodb_table",
      "name": "maily_emails",
      "provider": "provider[\"registry.terraform.io/hashicorp/aws\"]",
      "instances": [
        {
          "schema_version": 1,
          "attributes": {
            "arn": "arn:aws:dynamodb:eu-central-1:322301603335:table/Maily-Emails",
            "attribute": [
              {
                "name": "emailId",
                "type": "S"
              },
              {
                "name": "userId",
                "type": "S"
              }
            ],
            "billing_mode": "PAY_PER_REQUEST",
            "deletion_protection_enabled": false,
            "global_secondary_index": [],
            "global_table_witness": [],
            "hash_key": "userId",
            "id": "Maily-Emails",
            "import_table": [],
            "local_secondary_index": [],
            "name": "Maily-Emails",
            "on_demand_throughput": [],
            "point_in_time_recovery": [
              {
                "enabled": false,
                "recovery_period_in_days": 0
              }
            ],
            "range_key": "emailId",
            "read_capacity": 0,
            "region": "eu-central-1",
            "replica": [],
            "restore_date_time": null,
            "restore_source_name": null,
            "restore_source_table_arn": null,
            "restore_to_latest_time": null,
            "server_side_encryption": [],
            "stream_arn": "",
            "stream_enabled": false,
            "stream_label": "",
            "stream_view_type": "",
            "table_class": "STANDARD",
            "tags": {
              "Environment": "Development",
              "Project": "Maily"
            },
            "tags_all": {
              "Environment": "Development",
              "Project": "Maily"
            },
            "timeouts": null,
            "ttl": [
              {
                "attribute_name": "",
                "enabled": false
              }
            ],
            "warm_throughput": [],
            "write_capacity": 0
          },
          "sensitive_attributes": [],
          "identity_schema_version": 0,
          "private": "eyJlMmJmYjczMC1lY2FhLTExZTYtOGY4OC0zNDM2M2JjN2M0YzAiOnsiY3JlYXRlIjoxODAwMDAwMDAwMDAwLCJkZWxldGUiOjYwMDAwMDAwMDAwMCwidXBkYXRlIjozNjAwMDAwMDAwMDAwfSwic2NoZW1hX3ZlcnNpb24iOiIxIn0="
        }
      ]
    },
    {
      "mode": "managed",
      "type": "aws_iam_policy",
      "name": "dynamo_db_access_policy",
      "provider": "provider[\"registry.terraform.io/hashicorp/aws\"]",
      "instances": [
        {
          "schema_version": 0,
          "attributes": {
            "arn": "arn:aws:iam::322301603335:policy/maily_dynamodb_access_policy",
            "attachment_count": 1,
            "delay_after_policy_creation_in_ms": null,
            "description": "Policy to allow Lambda function to access Maily DynamoDB table",
            "id": "arn:aws:iam::322301603335:policy/maily_dynamodb_access_policy",
            "name": "maily_dynamodb_access_policy",
            "name_prefix": "",
            "path": "/",
            "policy": "{\"Statement\":[{\"Action\":[\"dynamodb:PutItem\",\"dynamodb:GetItem\",\"dynamodb:UpdateItem\",\"dynamodb:DeleteItem\",\"dynamodb:Scan\",\"dynamodb:Query\"],\"Effect\":\"Allow\",\"Resource\":\"arn:aws:dynamodb:eu-central-1:322301603335:table/Maily-Emails\"}],\"Version\":\"2012-10-17\"}",
            "policy_id": "ANPAUWCVMFYDTIBETMAXP",
            "tags": {},
            "tags_all": {}
          },
          "sensitive_attributes": [],
          "identity_schema_version": 0,
          "identity": {
            "arn": "arn:aws:iam::322301603335:policy/maily_dynamodb_access_policy"
          },
          "private": "bnVsbA==",
          "dependencies": [
            "aws_dynamodb_table.maily_emails"
          ]
        }
      ]
    },
    {
      "mode": "managed",
      "type": "aws_iam_role",
      "name": "maily_backend_lambda_role",
      "provider": "provider[\"registry.terraform.io/hashicorp/aws\"]",
      "instances": [
        {
          "schema_version": 0,
          "attributes": {
            "arn": "arn:aws:iam::322301603335:role/maily_backend_lambda_role",
            "assume_role_policy": "{\"Statement\":[{\"Action\":\"sts:AssumeRole\",\"Effect\":\"Allow\",\"Principal\":{\"Service\":\"lambda.amazonaws.com\"}}],\"Version\":\"2012-10-17\"}",
            "create_date": "2026-03-01T09:50:20Z",
            "description": "",
            "force_detach_policies": false,
            "id": "maily_backend_lambda_role",
            "inline_policy": [],
            "managed_policy_arns": [
              "arn:aws:iam::322301603335:policy/maily_dynamodb_access_policy",
              "arn:aws:iam::aws:policy/service-role/AWSLambdaBasicExecutionRole"
            ],
            "max_session_duration": 3600,
            "name": "maily_backend_lambda_role",
            "name_prefix": "",
            "path": "/",
            "permissions_boundary": "",
            "tags": {},
            "tags_all": {},
            "unique_id": "AROAUWCVMFYDWIFHH7AXG"
          },
          "sensitive_attributes": [],
          "identity_schema_version": 0,
          "identity": {
            "account_id": "322301603335",
            "name": "maily_backend_lambda_role"
          },
          "private": "bnVsbA=="
        }
      ]
    },
    {
      "mode": "managed",
      "type": "aws_iam_role_policy_attachment",
      "name": "lambda_dynamo_db_attach",
      "provider": "provider[\"registry.terraform.io/hashicorp/aws\"]",
      "instances": [
        {
          "schema_version": 0,
          "attributes": {
            "id": "maily_backend_lambda_role/arn:aws:iam::322301603335:policy/maily_dynamodb_access_policy",
            "policy_arn": "arn:aws:iam::322301603335:policy/maily_dynamodb_access_policy",
            "role": "maily_backend_lambda_role"
          },
          "sensitive_attributes": [],
          "identity_schema_version": 0,
          "identity": {
            "account_id": "322301603335",
            "policy_arn": "arn:aws:iam::322301603335:policy/maily_dynamodb_access_policy",
            "role": "maily_backend_lambda_role"
          },
          "private": "bnVsbA==",
          "dependencies": [
            "aws_dynamodb_table.maily_emails",
            "aws_iam_policy.dynamo_db_access_policy",
            "aws_iam_role.maily_backend_lambda_role"
          ]
        }
      ]
    },
    {
      "mode": "managed",
      "type": "aws_iam_role_policy_attachment",
      "name": "lambda_logs",
      "provider": "provider[\"registry.terraform.io/hashicorp/aws\"]",
      "instances": [
        {
          "schema_version": 0,
          "attributes": {
            "id": "maily_backend_lambda_role/arn:aws:iam::aws:policy/service-role/AWSLambdaBasicExecutionRole",
            "policy_arn": "arn:aws:iam::aws:policy/service-role/AWSLambdaBasicExecutionRole",
            "role": "maily_backend_lambda_role"
          },
          "sensitive_attributes": [],
          "identity_schema_version": 0,
          "identity": {
            "account_id": "322301603335",
            "policy_arn": "arn:aws:iam::aws:policy/service-role/AWSLambdaBasicExecutionRole",
            "role": "maily_backend_lambda_role"
          },
          "private": "bnVsbA==",
          "dependencies": [
            "aws_iam_role.maily_backend_lambda_role"
          ]
        }
      ]
    },
    {
      "mode": "managed",
      "type": "aws_lambda_function",
      "name": "maily_backend_lambda",
      "provider": "provider[\"registry.terraform.io/hashicorp/aws\"]",
      "instances": [
        {
          "schema_version": 0,
          "attributes": {
            "architectures": [
              "x86_64"
            ],
            "arn": "arn:aws:lambda:eu-central-1:322301603335:function:Maily_Backend_Logic",
            "capacity_provider_config": [],
            "code_sha256": "V7veDn2tIbj8fX5RKMPc9SkFDD2/bKL+7mOHGOPdG2E=",
            "code_signing_config_arn": "",
            "dead_letter_config": [],
            "description": "",
            "durable_config": [],
            "environment": [],
            "ephemeral_storage": [
              {
                "size": 512
              }
            ],
            "file_system_config": [],
            "filename": "backend_lambda.zip",
            "function_name": "Maily_Backend_Logic",
            "handler": "backend_lambda.lambda_handler",
            "id": "Maily_Backend_Logic",
            "image_config": [],
            "image_uri": "",
            "invoke_arn": "arn:aws:apigateway:eu-central-1:lambda:path/2015-03-31/functions/arn:aws:lambda:eu-central-1:322301603335:function:Maily_Backend_Logic/invocations",
            "kms_key_arn": "",
            "last_modified": "2026-03-01T10:05:18.537+0000",
            "layers": null,
            "logging_config": [
              {
                "application_log_level": "",
                "log_format": "Text",
                "log_group": "/aws/lambda/Maily_Backend_Logic",
                "system_log_level": ""
              }
            ],
            "memory_size": 128,
            "package_type": "Zip",
            "publish": false,
            "publish_to": null,
            "qualified_arn": "arn:aws:lambda:eu-central-1:322301603335:function:Maily_Backend_Logic:$LATEST",
            "qualified_invoke_arn": "arn:aws:apigateway:eu-central-1:lambda:path/2015-03-31/functions/arn:aws:lambda:eu-central-1:322301603335:function:Maily_Backend_Logic:$LATEST/invocations",
            "region": "eu-central-1",
            "replace_security_groups_on_destroy": null,
            "replacement_security_group_ids": null,
            "reserved_concurrent_executions": -1,
            "response_streaming_invoke_arn": "arn:aws:apigateway:eu-central-1:lambda:path/2021-11-15/functions/arn:aws:lambda:eu-central-1:322301603335:function:Maily_Backend_Logic/response-streaming-invocations",
            "role": "arn:aws:iam::322301603335:role/maily_backend_lambda_role",
            "runtime": "python3.9",
            "s3_bucket": null,
            "s3_key": null,
            "s3_object_version": null,
            "signing_job_arn": "",
            "signing_profile_version_arn": "",
            "skip_destroy": false,
            "snap_start": [],
            "source_code_hash": "V7veDn2tIbj8fX5RKMPc9SkFDD2/bKL+7mOHGOPdG2E=",
            "source_code_size": 319,
            "source_kms_key_arn": "",
            "tags": null,
            "tags_all": {},
            "tenancy_config": [],
            "timeout": 3,
            "timeouts": null,
            "tracing_config": [
              {
                "mode": "PassThrough"
              }
            ],
            "version": "$LATEST",
            "vpc_config": []
          },
          "sensitive_attributes": [],
          "identity_schema_version": 0,
          "identity": {
            "account_id": "322301603335",
            "function_name": "Maily_Backend_Logic",
            "region": "eu-central-1"
          },
          "private": "eyJlMmJmYjczMC1lY2FhLTExZTYtOGY4OC0zNDM2M2JjN2M0YzAiOnsiY3JlYXRlIjo2MDAwMDAwMDAwMDAsImRlbGV0ZSI6NjAwMDAwMDAwMDAwLCJ1cGRhdGUiOjYwMDAwMDAwMDAwMH19",
          "dependencies": [
            "aws_iam_role.maily_backend_lambda_role",
            "data.archive_file.backend_lambda_zip"
          ]
        }
      ]
    }
  ],
  "check_results": null
}
